// !$*UTF8*$!
{
	archiveVersion = 1;
	classes = {
	};
	objectVersion = 55;
	objects = {

/* Begin PBXBuildFile section */
		38DEA36DDCB0EFE027F9CDFC /* Pods_Proyecto.framework in Frameworks */ = {isa = PBXBuildFile; fileRef = CACA4072A65AC7AAF57BF378 /* Pods_Proyecto.framework */; };
		4EE7ED10F26C8A45F7CA7A30 /* Pods_Proyecto_ProyectoUITests.framework in Frameworks */ = {isa = PBXBuildFile; fileRef = 735A97EBAF7C3DC60BE8003A /* Pods_Proyecto_ProyectoUITests.framework */; };
		8D21DDE92729F24A0021FBBD /* RegisterViewController.swift in Sources */ = {isa = PBXBuildFile; fileRef = 8D21DDE82729F24A0021FBBD /* RegisterViewController.swift */; };
		8D5F7DD82723589700E02691 /* AppDelegate.swift in Sources */ = {isa = PBXBuildFile; fileRef = 8D5F7DD72723589700E02691 /* AppDelegate.swift */; };
		8D5F7DDA2723589700E02691 /* SceneDelegate.swift in Sources */ = {isa = PBXBuildFile; fileRef = 8D5F7DD92723589700E02691 /* SceneDelegate.swift */; };
		8D5F7DDC2723589700E02691 /* LoginView.swift in Sources */ = {isa = PBXBuildFile; fileRef = 8D5F7DDB2723589700E02691 /* LoginView.swift */; };
		8D5F7DDF2723589700E02691 /* Main.storyboard in Resources */ = {isa = PBXBuildFile; fileRef = 8D5F7DDD2723589700E02691 /* Main.storyboard */; };
		8D5F7DE12723589800E02691 /* Assets.xcassets in Resources */ = {isa = PBXBuildFile; fileRef = 8D5F7DE02723589800E02691 /* Assets.xcassets */; };
		8D5F7DE42723589800E02691 /* LaunchScreen.storyboard in Resources */ = {isa = PBXBuildFile; fileRef = 8D5F7DE22723589800E02691 /* LaunchScreen.storyboard */; };
		8D5F7DEF2723589900E02691 /* ProyectoTests.swift in Sources */ = {isa = PBXBuildFile; fileRef = 8D5F7DEE2723589900E02691 /* ProyectoTests.swift */; };
		8D5F7DF92723589900E02691 /* ProyectoUITests.swift in Sources */ = {isa = PBXBuildFile; fileRef = 8D5F7DF82723589900E02691 /* ProyectoUITests.swift */; };
		8D5F7DFB2723589900E02691 /* ProyectoUITestsLaunchTests.swift in Sources */ = {isa = PBXBuildFile; fileRef = 8D5F7DFA2723589900E02691 /* ProyectoUITestsLaunchTests.swift */; };
		8D6554A72744C0BE001143B4 /* ValidatorViewModel.swift in Sources */ = {isa = PBXBuildFile; fileRef = 8D6554A62744C0BE001143B4 /* ValidatorViewModel.swift */; };
		8D6554A92744CAA9001143B4 /* bensound-ukulele.mp3 in Resources */ = {isa = PBXBuildFile; fileRef = 8D6554A82744CAA9001143B4 /* bensound-ukulele.mp3 */; };
		8D67CA3D273E2CBA00749424 /* AudioPlayerViewController.swift in Sources */ = {isa = PBXBuildFile; fileRef = 8D67CA3C273E2CBA00749424 /* AudioPlayerViewController.swift */; };
		8D67CA40273E3EFA00749424 /* UIImage+animatedGIF.m in Sources */ = {isa = PBXBuildFile; fileRef = 8D67CA3F273E3EFA00749424 /* UIImage+animatedGIF.m */; };
		8D67CA42273E442300749424 /* stegosaurus-studio.gif in Resources */ = {isa = PBXBuildFile; fileRef = 8D67CA41273E442300749424 /* stegosaurus-studio.gif */; };
		8D8E993C2754171300A5939F /* DataManager.swift in Sources */ = {isa = PBXBuildFile; fileRef = 8D8E993B2754171300A5939F /* DataManager.swift */; };
		8D8E993F27543AF100A5939F /* APIManager.swift in Sources */ = {isa = PBXBuildFile; fileRef = 8D8E993E27543AF100A5939F /* APIManager.swift */; };
		8D8E99AE275494BE00A5939F /* Network.framework in Frameworks */ = {isa = PBXBuildFile; fileRef = 8D8E99AD275494BE00A5939F /* Network.framework */; };
		8D8E99D927559E4600A5939F /* MusicButton.swift in Sources */ = {isa = PBXBuildFile; fileRef = 8D8E99D827559E4600A5939F /* MusicButton.swift */; };
		8DBBB79E27308BEA00F9C550 /* MainViewController.swift in Sources */ = {isa = PBXBuildFile; fileRef = 8DBBB79D27308BEA00F9C550 /* MainViewController.swift */; };
		8DBBB7A02731299F00F9C550 /* Model.swift in Sources */ = {isa = PBXBuildFile; fileRef = 8DBBB79F2731299F00F9C550 /* Model.swift */; };
		8DBBB80A2735B69E00F9C550 /* TableViewController.swift in Sources */ = {isa = PBXBuildFile; fileRef = 8DBBB8092735B69E00F9C550 /* TableViewController.swift */; };
		8DBBB80C2738630E00F9C550 /* Protocols.swift in Sources */ = {isa = PBXBuildFile; fileRef = 8DBBB80B2738630E00F9C550 /* Protocols.swift */; };
		8DBBB80E27386DFD00F9C550 /* TrackTableViewCell.swift in Sources */ = {isa = PBXBuildFile; fileRef = 8DBBB80D27386DFD00F9C550 /* TrackTableViewCell.swift */; };
		8DBD074B2763233E00C39D64 /* LoginViewModel.swift in Sources */ = {isa = PBXBuildFile; fileRef = 8DBD074A2763233E00C39D64 /* LoginViewModel.swift */; };
		8DC41D64276A3662005949CE /* Extension.swift in Sources */ = {isa = PBXBuildFile; fileRef = 8DC41D63276A3662005949CE /* Extension.swift */; };
		8DC41D66276AC128005949CE /* Enums.swift in Sources */ = {isa = PBXBuildFile; fileRef = 8DC41D65276AC128005949CE /* Enums.swift */; };
		8DC41D88276B8A70005949CE /* colors.gif in Resources */ = {isa = PBXBuildFile; fileRef = 8DC41D87276B8A6F005949CE /* colors.gif */; };
		8DC41D8A276BE8C4005949CE /* DownloadManager.swift in Sources */ = {isa = PBXBuildFile; fileRef = 8DC41D89276BE8C4005949CE /* DownloadManager.swift */; };
		8DC41D8C276C10B7005949CE /* RestServiceManager.swift in Sources */ = {isa = PBXBuildFile; fileRef = 8DC41D8B276C10B7005949CE /* RestServiceManager.swift */; };
		8DC41D8F276C5F8E005949CE /* DataModel.xcdatamodeld in Sources */ = {isa = PBXBuildFile; fileRef = 8DC41D8D276C5F8E005949CE /* DataModel.xcdatamodeld */; };
		8DF4A6FC275897E0008B23DC /* PickerViewController.swift in Sources */ = {isa = PBXBuildFile; fileRef = 8DF4A6FB275897E0008B23DC /* PickerViewController.swift */; };
		D433FCE6BC5BCB66CAC2C54C /* Pods_ProyectoTests.framework in Frameworks */ = {isa = PBXBuildFile; fileRef = 6E01279FCA89B025A011AFB9 /* Pods_ProyectoTests.framework */; };
/* End PBXBuildFile section */

/* Begin PBXContainerItemProxy section */
		8D5F7DEB2723589900E02691 /* PBXContainerItemProxy */ = {
			isa = PBXContainerItemProxy;
			containerPortal = 8D5F7DCC2723589700E02691 /* Project object */;
			proxyType = 1;
			remoteGlobalIDString = 8D5F7DD32723589700E02691;
			remoteInfo = Proyecto;
		};
		8D5F7DF52723589900E02691 /* PBXContainerItemProxy */ = {
			isa = PBXContainerItemProxy;
			containerPortal = 8D5F7DCC2723589700E02691 /* Project object */;
			proxyType = 1;
			remoteGlobalIDString = 8D5F7DD32723589700E02691;
			remoteInfo = Proyecto;
		};
/* End PBXContainerItemProxy section */

/* Begin PBXFileReference section */
		331F217F316EB7C24C0F3E8A /* Pods-Proyecto-ProyectoUITests.release.xcconfig */ = {isa = PBXFileReference; includeInIndex = 1; lastKnownFileType = text.xcconfig; name = "Pods-Proyecto-ProyectoUITests.release.xcconfig"; path = "Target Support Files/Pods-Proyecto-ProyectoUITests/Pods-Proyecto-ProyectoUITests.release.xcconfig"; sourceTree = "<group>"; };
		5C2F721E3D407499E6486BDD /* Pods-ProyectoTests.debug.xcconfig */ = {isa = PBXFileReference; includeInIndex = 1; lastKnownFileType = text.xcconfig; name = "Pods-ProyectoTests.debug.xcconfig"; path = "Target Support Files/Pods-ProyectoTests/Pods-ProyectoTests.debug.xcconfig"; sourceTree = "<group>"; };
		6E01279FCA89B025A011AFB9 /* Pods_ProyectoTests.framework */ = {isa = PBXFileReference; explicitFileType = wrapper.framework; includeInIndex = 0; path = Pods_ProyectoTests.framework; sourceTree = BUILT_PRODUCTS_DIR; };
		735A97EBAF7C3DC60BE8003A /* Pods_Proyecto_ProyectoUITests.framework */ = {isa = PBXFileReference; explicitFileType = wrapper.framework; includeInIndex = 0; path = Pods_Proyecto_ProyectoUITests.framework; sourceTree = BUILT_PRODUCTS_DIR; };
		8D21DDE82729F24A0021FBBD /* RegisterViewController.swift */ = {isa = PBXFileReference; lastKnownFileType = sourcecode.swift; path = RegisterViewController.swift; sourceTree = "<group>"; };
		8D5F7DD42723589700E02691 /* Proyecto.app */ = {isa = PBXFileReference; explicitFileType = wrapper.application; includeInIndex = 0; path = Proyecto.app; sourceTree = BUILT_PRODUCTS_DIR; };
		8D5F7DD72723589700E02691 /* AppDelegate.swift */ = {isa = PBXFileReference; lastKnownFileType = sourcecode.swift; path = AppDelegate.swift; sourceTree = "<group>"; };
		8D5F7DD92723589700E02691 /* SceneDelegate.swift */ = {isa = PBXFileReference; lastKnownFileType = sourcecode.swift; path = SceneDelegate.swift; sourceTree = "<group>"; };
		8D5F7DDB2723589700E02691 /* LoginView.swift */ = {isa = PBXFileReference; lastKnownFileType = sourcecode.swift; path = LoginView.swift; sourceTree = "<group>"; };
		8D5F7DDE2723589700E02691 /* Base */ = {isa = PBXFileReference; lastKnownFileType = file.storyboard; name = Base; path = Base.lproj/Main.storyboard; sourceTree = "<group>"; };
		8D5F7DE02723589800E02691 /* Assets.xcassets */ = {isa = PBXFileReference; lastKnownFileType = folder.assetcatalog; path = Assets.xcassets; sourceTree = "<group>"; };
		8D5F7DE32723589800E02691 /* Base */ = {isa = PBXFileReference; lastKnownFileType = file.storyboard; name = Base; path = Base.lproj/LaunchScreen.storyboard; sourceTree = "<group>"; };
		8D5F7DE52723589800E02691 /* Info.plist */ = {isa = PBXFileReference; lastKnownFileType = text.plist.xml; path = Info.plist; sourceTree = "<group>"; };
		8D5F7DEA2723589900E02691 /* ProyectoTests.xctest */ = {isa = PBXFileReference; explicitFileType = wrapper.cfbundle; includeInIndex = 0; path = ProyectoTests.xctest; sourceTree = BUILT_PRODUCTS_DIR; };
		8D5F7DEE2723589900E02691 /* ProyectoTests.swift */ = {isa = PBXFileReference; lastKnownFileType = sourcecode.swift; path = ProyectoTests.swift; sourceTree = "<group>"; };
		8D5F7DF42723589900E02691 /* ProyectoUITests.xctest */ = {isa = PBXFileReference; explicitFileType = wrapper.cfbundle; includeInIndex = 0; path = ProyectoUITests.xctest; sourceTree = BUILT_PRODUCTS_DIR; };
		8D5F7DF82723589900E02691 /* ProyectoUITests.swift */ = {isa = PBXFileReference; lastKnownFileType = sourcecode.swift; path = ProyectoUITests.swift; sourceTree = "<group>"; };
		8D5F7DFA2723589900E02691 /* ProyectoUITestsLaunchTests.swift */ = {isa = PBXFileReference; lastKnownFileType = sourcecode.swift; path = ProyectoUITestsLaunchTests.swift; sourceTree = "<group>"; };
		8D6554A62744C0BE001143B4 /* ValidatorViewModel.swift */ = {isa = PBXFileReference; lastKnownFileType = sourcecode.swift; path = ValidatorViewModel.swift; sourceTree = "<group>"; };
		8D6554A82744CAA9001143B4 /* bensound-ukulele.mp3 */ = {isa = PBXFileReference; lastKnownFileType = audio.mp3; path = "bensound-ukulele.mp3"; sourceTree = "<group>"; };
		8D67CA38273D5FDB00749424 /* Proyecto-Bridging-Header.h */ = {isa = PBXFileReference; lastKnownFileType = sourcecode.c.h; path = "Proyecto-Bridging-Header.h"; sourceTree = "<group>"; };
		8D67CA3C273E2CBA00749424 /* AudioPlayerViewController.swift */ = {isa = PBXFileReference; lastKnownFileType = sourcecode.swift; path = AudioPlayerViewController.swift; sourceTree = "<group>"; };
		8D67CA3E273E3EFA00749424 /* UIImage+animatedGIF.h */ = {isa = PBXFileReference; fileEncoding = 4; lastKnownFileType = sourcecode.c.h; path = "UIImage+animatedGIF.h"; sourceTree = "<group>"; };
		8D67CA3F273E3EFA00749424 /* UIImage+animatedGIF.m */ = {isa = PBXFileReference; fileEncoding = 4; lastKnownFileType = sourcecode.c.objc; path = "UIImage+animatedGIF.m"; sourceTree = "<group>"; };
		8D67CA41273E442300749424 /* stegosaurus-studio.gif */ = {isa = PBXFileReference; lastKnownFileType = image.gif; path = "stegosaurus-studio.gif"; sourceTree = "<group>"; };
		8D8E993B2754171300A5939F /* DataManager.swift */ = {isa = PBXFileReference; lastKnownFileType = sourcecode.swift; path = DataManager.swift; sourceTree = "<group>"; };
		8D8E993E27543AF100A5939F /* APIManager.swift */ = {isa = PBXFileReference; lastKnownFileType = sourcecode.swift; path = APIManager.swift; sourceTree = "<group>"; };
		8D8E99AD275494BE00A5939F /* Network.framework */ = {isa = PBXFileReference; lastKnownFileType = wrapper.framework; name = Network.framework; path = System/Library/Frameworks/Network.framework; sourceTree = SDKROOT; };
		8D8E99D827559E4600A5939F /* MusicButton.swift */ = {isa = PBXFileReference; lastKnownFileType = sourcecode.swift; path = MusicButton.swift; sourceTree = "<group>"; };
		8DBBB79D27308BEA00F9C550 /* MainViewController.swift */ = {isa = PBXFileReference; lastKnownFileType = sourcecode.swift; path = MainViewController.swift; sourceTree = "<group>"; };
		8DBBB79F2731299F00F9C550 /* Model.swift */ = {isa = PBXFileReference; lastKnownFileType = sourcecode.swift; path = Model.swift; sourceTree = "<group>"; };
		8DBBB8092735B69E00F9C550 /* TableViewController.swift */ = {isa = PBXFileReference; lastKnownFileType = sourcecode.swift; path = TableViewController.swift; sourceTree = "<group>"; };
		8DBBB80B2738630E00F9C550 /* Protocols.swift */ = {isa = PBXFileReference; lastKnownFileType = sourcecode.swift; path = Protocols.swift; sourceTree = "<group>"; };
		8DBBB80D27386DFD00F9C550 /* TrackTableViewCell.swift */ = {isa = PBXFileReference; lastKnownFileType = sourcecode.swift; path = TrackTableViewCell.swift; sourceTree = "<group>"; };
		8DBD074A2763233E00C39D64 /* LoginViewModel.swift */ = {isa = PBXFileReference; lastKnownFileType = sourcecode.swift; path = LoginViewModel.swift; sourceTree = "<group>"; };
		8DC41D63276A3662005949CE /* Extension.swift */ = {isa = PBXFileReference; lastKnownFileType = sourcecode.swift; path = Extension.swift; sourceTree = "<group>"; };
		8DC41D65276AC128005949CE /* Enums.swift */ = {isa = PBXFileReference; lastKnownFileType = sourcecode.swift; path = Enums.swift; sourceTree = "<group>"; };
		8DC41D87276B8A6F005949CE /* colors.gif */ = {isa = PBXFileReference; lastKnownFileType = image.gif; name = colors.gif; path = ../../../../../Downloads/colors.gif; sourceTree = "<group>"; };
		8DC41D89276BE8C4005949CE /* DownloadManager.swift */ = {isa = PBXFileReference; lastKnownFileType = sourcecode.swift; path = DownloadManager.swift; sourceTree = "<group>"; };
		8DC41D8B276C10B7005949CE /* RestServiceManager.swift */ = {isa = PBXFileReference; lastKnownFileType = sourcecode.swift; path = RestServiceManager.swift; sourceTree = "<group>"; };
		8DC41D8E276C5F8E005949CE /* DataModel.xcdatamodel */ = {isa = PBXFileReference; lastKnownFileType = wrapper.xcdatamodel; path = DataModel.xcdatamodel; sourceTree = "<group>"; };
		8DF4A6FB275897E0008B23DC /* PickerViewController.swift */ = {isa = PBXFileReference; lastKnownFileType = sourcecode.swift; path = PickerViewController.swift; sourceTree = "<group>"; };
		B9C4BB6FDF8443029F64B0B5 /* Pods-Proyecto.release.xcconfig */ = {isa = PBXFileReference; includeInIndex = 1; lastKnownFileType = text.xcconfig; name = "Pods-Proyecto.release.xcconfig"; path = "Target Support Files/Pods-Proyecto/Pods-Proyecto.release.xcconfig"; sourceTree = "<group>"; };
		CACA4072A65AC7AAF57BF378 /* Pods_Proyecto.framework */ = {isa = PBXFileReference; explicitFileType = wrapper.framework; includeInIndex = 0; path = Pods_Proyecto.framework; sourceTree = BUILT_PRODUCTS_DIR; };
		CEEA46066656287A266E9DD2 /* Pods-ProyectoTests.release.xcconfig */ = {isa = PBXFileReference; includeInIndex = 1; lastKnownFileType = text.xcconfig; name = "Pods-ProyectoTests.release.xcconfig"; path = "Target Support Files/Pods-ProyectoTests/Pods-ProyectoTests.release.xcconfig"; sourceTree = "<group>"; };
		EA62B8B37E3B445D0BDA1F54 /* Pods-Proyecto-ProyectoUITests.debug.xcconfig */ = {isa = PBXFileReference; includeInIndex = 1; lastKnownFileType = text.xcconfig; name = "Pods-Proyecto-ProyectoUITests.debug.xcconfig"; path = "Target Support Files/Pods-Proyecto-ProyectoUITests/Pods-Proyecto-ProyectoUITests.debug.xcconfig"; sourceTree = "<group>"; };
		FD4C238B6649B108D7C56A41 /* Pods-Proyecto.debug.xcconfig */ = {isa = PBXFileReference; includeInIndex = 1; lastKnownFileType = text.xcconfig; name = "Pods-Proyecto.debug.xcconfig"; path = "Target Support Files/Pods-Proyecto/Pods-Proyecto.debug.xcconfig"; sourceTree = "<group>"; };
/* End PBXFileReference section */

/* Begin PBXFrameworksBuildPhase section */
		8D5F7DD12723589700E02691 /* Frameworks */ = {
			isa = PBXFrameworksBuildPhase;
			buildActionMask = 2147483647;
			files = (
				38DEA36DDCB0EFE027F9CDFC /* Pods_Proyecto.framework in Frameworks */,
				8D8E99AE275494BE00A5939F /* Network.framework in Frameworks */,
			);
			runOnlyForDeploymentPostprocessing = 0;
		};
		8D5F7DE72723589900E02691 /* Frameworks */ = {
			isa = PBXFrameworksBuildPhase;
			buildActionMask = 2147483647;
			files = (
				D433FCE6BC5BCB66CAC2C54C /* Pods_ProyectoTests.framework in Frameworks */,
			);
			runOnlyForDeploymentPostprocessing = 0;
		};
		8D5F7DF12723589900E02691 /* Frameworks */ = {
			isa = PBXFrameworksBuildPhase;
			buildActionMask = 2147483647;
			files = (
				4EE7ED10F26C8A45F7CA7A30 /* Pods_Proyecto_ProyectoUITests.framework in Frameworks */,
			);
			runOnlyForDeploymentPostprocessing = 0;
		};
/* End PBXFrameworksBuildPhase section */

/* Begin PBXGroup section */
		8D5F7DCB2723589700E02691 = {
			isa = PBXGroup;
			children = (
				8D5F7DD62723589700E02691 /* Proyecto */,
				8D5F7DED2723589900E02691 /* ProyectoTests */,
				8D5F7DF72723589900E02691 /* ProyectoUITests */,
				8D5F7DD52723589700E02691 /* Products */,
				BF8A493475C375CC10BDA6F1 /* Pods */,
				A9DEB8F2AF11FEF44E105564 /* Frameworks */,
			);
			sourceTree = "<group>";
		};
		8D5F7DD52723589700E02691 /* Products */ = {
			isa = PBXGroup;
			children = (
				8D5F7DD42723589700E02691 /* Proyecto.app */,
				8D5F7DEA2723589900E02691 /* ProyectoTests.xctest */,
				8D5F7DF42723589900E02691 /* ProyectoUITests.xctest */,
			);
			name = Products;
			sourceTree = "<group>";
		};
		8D5F7DD62723589700E02691 /* Proyecto */ = {
			isa = PBXGroup;
			children = (
				8DBD07462762E3F300C39D64 /* Common */,
				8DBD0748276303BE00C39D64 /* Model */,
				8DBD07472762E40600C39D64 /* Resources */,
				8D8E993D27543ABD00A5939F /* Utils */,
				8DBD07492763150F00C39D64 /* ViewModel */,
				8D8E99AF275498DB00A5939F /* Views */,
				8D67CA38273D5FDB00749424 /* Proyecto-Bridging-Header.h */,
				8D67CA3E273E3EFA00749424 /* UIImage+animatedGIF.h */,
				8D67CA3F273E3EFA00749424 /* UIImage+animatedGIF.m */,
				8D5F7DE02723589800E02691 /* Assets.xcassets */,
				8D5F7DE52723589800E02691 /* Info.plist */,
			);
			path = Proyecto;
			sourceTree = "<group>";
		};
		8D5F7DED2723589900E02691 /* ProyectoTests */ = {
			isa = PBXGroup;
			children = (
				8D5F7DEE2723589900E02691 /* ProyectoTests.swift */,
			);
			path = ProyectoTests;
			sourceTree = "<group>";
		};
		8D5F7DF72723589900E02691 /* ProyectoUITests */ = {
			isa = PBXGroup;
			children = (
				8D5F7DF82723589900E02691 /* ProyectoUITests.swift */,
				8D5F7DFA2723589900E02691 /* ProyectoUITestsLaunchTests.swift */,
			);
			path = ProyectoUITests;
			sourceTree = "<group>";
		};
		8D8E993D27543ABD00A5939F /* Utils */ = {
			isa = PBXGroup;
			children = (
				8D8E993E27543AF100A5939F /* APIManager.swift */,
				8D8E993B2754171300A5939F /* DataManager.swift */,
				8DC41D89276BE8C4005949CE /* DownloadManager.swift */,
				8DC41D8B276C10B7005949CE /* RestServiceManager.swift */,
			);
			path = Utils;
			sourceTree = "<group>";
		};
		8D8E99AF275498DB00A5939F /* Views */ = {
			isa = PBXGroup;
			children = (
				8D5F7DDD2723589700E02691 /* Main.storyboard */,
				8D5F7DE22723589800E02691 /* LaunchScreen.storyboard */,
				8D67CA3C273E2CBA00749424 /* AudioPlayerViewController.swift */,
				8D5F7DDB2723589700E02691 /* LoginView.swift */,
				8DBBB79D27308BEA00F9C550 /* MainViewController.swift */,
				8D8E99D827559E4600A5939F /* MusicButton.swift */,
				8DF4A6FB275897E0008B23DC /* PickerViewController.swift */,
				8DBBB8092735B69E00F9C550 /* TableViewController.swift */,
				8DBBB80D27386DFD00F9C550 /* TrackTableViewCell.swift */,
				8D21DDE82729F24A0021FBBD /* RegisterViewController.swift */,
			);
			path = Views;
			sourceTree = "<group>";
		};
		8DBD07462762E3F300C39D64 /* Common */ = {
			isa = PBXGroup;
			children = (
				8D5F7DD72723589700E02691 /* AppDelegate.swift */,
				8D5F7DD92723589700E02691 /* SceneDelegate.swift */,
				8DBBB80B2738630E00F9C550 /* Protocols.swift */,
				8DC41D63276A3662005949CE /* Extension.swift */,
				8DC41D65276AC128005949CE /* Enums.swift */,
			);
			path = Common;
			sourceTree = "<group>";
		};
		8DBD07472762E40600C39D64 /* Resources */ = {
			isa = PBXGroup;
			children = (
				8D6554A82744CAA9001143B4 /* bensound-ukulele.mp3 */,
				8DC41D87276B8A6F005949CE /* colors.gif */,
				8D67CA41273E442300749424 /* stegosaurus-studio.gif */,
			);
			path = Resources;
			sourceTree = "<group>";
		};
		8DBD0748276303BE00C39D64 /* Model */ = {
			isa = PBXGroup;
			children = (
				8DBBB79F2731299F00F9C550 /* Model.swift */,
				8DC41D8D276C5F8E005949CE /* DataModel.xcdatamodeld */,
			);
			path = Model;
			sourceTree = "<group>";
		};
		8DBD07492763150F00C39D64 /* ViewModel */ = {
			isa = PBXGroup;
			children = (
				8DBD074A2763233E00C39D64 /* LoginViewModel.swift */,
				8D6554A62744C0BE001143B4 /* ValidatorViewModel.swift */,
			);
			path = ViewModel;
			sourceTree = "<group>";
		};
		A9DEB8F2AF11FEF44E105564 /* Frameworks */ = {
			isa = PBXGroup;
			children = (
				8D8E99AD275494BE00A5939F /* Network.framework */,
				CACA4072A65AC7AAF57BF378 /* Pods_Proyecto.framework */,
				735A97EBAF7C3DC60BE8003A /* Pods_Proyecto_ProyectoUITests.framework */,
				6E01279FCA89B025A011AFB9 /* Pods_ProyectoTests.framework */,
			);
			name = Frameworks;
			sourceTree = "<group>";
		};
		BF8A493475C375CC10BDA6F1 /* Pods */ = {
			isa = PBXGroup;
			children = (
				FD4C238B6649B108D7C56A41 /* Pods-Proyecto.debug.xcconfig */,
				B9C4BB6FDF8443029F64B0B5 /* Pods-Proyecto.release.xcconfig */,
				EA62B8B37E3B445D0BDA1F54 /* Pods-Proyecto-ProyectoUITests.debug.xcconfig */,
				331F217F316EB7C24C0F3E8A /* Pods-Proyecto-ProyectoUITests.release.xcconfig */,
				5C2F721E3D407499E6486BDD /* Pods-ProyectoTests.debug.xcconfig */,
				CEEA46066656287A266E9DD2 /* Pods-ProyectoTests.release.xcconfig */,
			);
			path = Pods;
			sourceTree = "<group>";
		};
/* End PBXGroup section */

/* Begin PBXNativeTarget section */
		8D5F7DD32723589700E02691 /* Proyecto */ = {
			isa = PBXNativeTarget;
			buildConfigurationList = 8D5F7DFE2723589900E02691 /* Build configuration list for PBXNativeTarget "Proyecto" */;
			buildPhases = (
				A66630731B8E381BECBB36DB /* [CP] Check Pods Manifest.lock */,
				8D5F7DD02723589700E02691 /* Sources */,
				8D5F7DD12723589700E02691 /* Frameworks */,
				8D5F7DD22723589700E02691 /* Resources */,
				D4F3115F26ADD237C023FE57 /* [CP] Embed Pods Frameworks */,
			);
			buildRules = (
			);
			dependencies = (
			);
			name = Proyecto;
			productName = Proyecto;
			productReference = 8D5F7DD42723589700E02691 /* Proyecto.app */;
			productType = "com.apple.product-type.application";
		};
		8D5F7DE92723589900E02691 /* ProyectoTests */ = {
			isa = PBXNativeTarget;
			buildConfigurationList = 8D5F7E012723589900E02691 /* Build configuration list for PBXNativeTarget "ProyectoTests" */;
			buildPhases = (
				5E7CC060D08B2223B94ABD73 /* [CP] Check Pods Manifest.lock */,
				8D5F7DE62723589900E02691 /* Sources */,
				8D5F7DE72723589900E02691 /* Frameworks */,
				8D5F7DE82723589900E02691 /* Resources */,
			);
			buildRules = (
			);
			dependencies = (
				8D5F7DEC2723589900E02691 /* PBXTargetDependency */,
			);
			name = ProyectoTests;
			productName = ProyectoTests;
			productReference = 8D5F7DEA2723589900E02691 /* ProyectoTests.xctest */;
			productType = "com.apple.product-type.bundle.unit-test";
		};
		8D5F7DF32723589900E02691 /* ProyectoUITests */ = {
			isa = PBXNativeTarget;
			buildConfigurationList = 8D5F7E042723589900E02691 /* Build configuration list for PBXNativeTarget "ProyectoUITests" */;
			buildPhases = (
				A807FC11AC4A82CC312AB510 /* [CP] Check Pods Manifest.lock */,
				8D5F7DF02723589900E02691 /* Sources */,
				8D5F7DF12723589900E02691 /* Frameworks */,
				8D5F7DF22723589900E02691 /* Resources */,
				EEF49BE7483B42D39A742701 /* [CP] Embed Pods Frameworks */,
			);
			buildRules = (
			);
			dependencies = (
				8D5F7DF62723589900E02691 /* PBXTargetDependency */,
			);
			name = ProyectoUITests;
			productName = ProyectoUITests;
			productReference = 8D5F7DF42723589900E02691 /* ProyectoUITests.xctest */;
			productType = "com.apple.product-type.bundle.ui-testing";
		};
/* End PBXNativeTarget section */

/* Begin PBXProject section */
		8D5F7DCC2723589700E02691 /* Project object */ = {
			isa = PBXProject;
			attributes = {
				BuildIndependentTargetsInParallel = 1;
				LastSwiftUpdateCheck = 1300;
				LastUpgradeCheck = 1300;
				TargetAttributes = {
					8D5F7DD32723589700E02691 = {
						CreatedOnToolsVersion = 13.0;
						LastSwiftMigration = 1310;
					};
					8D5F7DE92723589900E02691 = {
						CreatedOnToolsVersion = 13.0;
						TestTargetID = 8D5F7DD32723589700E02691;
					};
					8D5F7DF32723589900E02691 = {
						CreatedOnToolsVersion = 13.0;
						TestTargetID = 8D5F7DD32723589700E02691;
					};
				};
			};
			buildConfigurationList = 8D5F7DCF2723589700E02691 /* Build configuration list for PBXProject "Proyecto" */;
			compatibilityVersion = "Xcode 13.0";
			developmentRegion = en;
			hasScannedForEncodings = 0;
			knownRegions = (
				en,
				Base,
			);
			mainGroup = 8D5F7DCB2723589700E02691;
			productRefGroup = 8D5F7DD52723589700E02691 /* Products */;
			projectDirPath = "";
			projectRoot = "";
			targets = (
				8D5F7DD32723589700E02691 /* Proyecto */,
				8D5F7DE92723589900E02691 /* ProyectoTests */,
				8D5F7DF32723589900E02691 /* ProyectoUITests */,
			);
		};
/* End PBXProject section */

/* Begin PBXResourcesBuildPhase section */
		8D5F7DD22723589700E02691 /* Resources */ = {
			isa = PBXResourcesBuildPhase;
			buildActionMask = 2147483647;
			files = (
				8D67CA42273E442300749424 /* stegosaurus-studio.gif in Resources */,
				8D5F7DE42723589800E02691 /* LaunchScreen.storyboard in Resources */,
				8DC41D88276B8A70005949CE /* colors.gif in Resources */,
				8D6554A92744CAA9001143B4 /* bensound-ukulele.mp3 in Resources */,
				8D5F7DE12723589800E02691 /* Assets.xcassets in Resources */,
				8D5F7DDF2723589700E02691 /* Main.storyboard in Resources */,
			);
			runOnlyForDeploymentPostprocessing = 0;
		};
		8D5F7DE82723589900E02691 /* Resources */ = {
			isa = PBXResourcesBuildPhase;
			buildActionMask = 2147483647;
			files = (
			);
			runOnlyForDeploymentPostprocessing = 0;
		};
		8D5F7DF22723589900E02691 /* Resources */ = {
			isa = PBXResourcesBuildPhase;
			buildActionMask = 2147483647;
			files = (
			);
			runOnlyForDeploymentPostprocessing = 0;
		};
/* End PBXResourcesBuildPhase section */

/* Begin PBXShellScriptBuildPhase section */
		5E7CC060D08B2223B94ABD73 /* [CP] Check Pods Manifest.lock */ = {
			isa = PBXShellScriptBuildPhase;
			buildActionMask = 2147483647;
			files = (
			);
			inputFileListPaths = (
			);
			inputPaths = (
				"${PODS_PODFILE_DIR_PATH}/Podfile.lock",
				"${PODS_ROOT}/Manifest.lock",
			);
			name = "[CP] Check Pods Manifest.lock";
			outputFileListPaths = (
			);
			outputPaths = (
				"$(DERIVED_FILE_DIR)/Pods-ProyectoTests-checkManifestLockResult.txt",
			);
			runOnlyForDeploymentPostprocessing = 0;
			shellPath = /bin/sh;
			shellScript = "diff \"${PODS_PODFILE_DIR_PATH}/Podfile.lock\" \"${PODS_ROOT}/Manifest.lock\" > /dev/null\nif [ $? != 0 ] ; then\n    # print error to STDERR\n    echo \"error: The sandbox is not in sync with the Podfile.lock. Run 'pod install' or update your CocoaPods installation.\" >&2\n    exit 1\nfi\n# This output is used by Xcode 'outputs' to avoid re-running this script phase.\necho \"SUCCESS\" > \"${SCRIPT_OUTPUT_FILE_0}\"\n";
			showEnvVarsInLog = 0;
		};
		A66630731B8E381BECBB36DB /* [CP] Check Pods Manifest.lock */ = {
			isa = PBXShellScriptBuildPhase;
			buildActionMask = 2147483647;
			files = (
			);
			inputFileListPaths = (
			);
			inputPaths = (
				"${PODS_PODFILE_DIR_PATH}/Podfile.lock",
				"${PODS_ROOT}/Manifest.lock",
			);
			name = "[CP] Check Pods Manifest.lock";
			outputFileListPaths = (
			);
			outputPaths = (
				"$(DERIVED_FILE_DIR)/Pods-Proyecto-checkManifestLockResult.txt",
			);
			runOnlyForDeploymentPostprocessing = 0;
			shellPath = /bin/sh;
			shellScript = "diff \"${PODS_PODFILE_DIR_PATH}/Podfile.lock\" \"${PODS_ROOT}/Manifest.lock\" > /dev/null\nif [ $? != 0 ] ; then\n    # print error to STDERR\n    echo \"error: The sandbox is not in sync with the Podfile.lock. Run 'pod install' or update your CocoaPods installation.\" >&2\n    exit 1\nfi\n# This output is used by Xcode 'outputs' to avoid re-running this script phase.\necho \"SUCCESS\" > \"${SCRIPT_OUTPUT_FILE_0}\"\n";
			showEnvVarsInLog = 0;
		};
		A807FC11AC4A82CC312AB510 /* [CP] Check Pods Manifest.lock */ = {
			isa = PBXShellScriptBuildPhase;
			buildActionMask = 2147483647;
			files = (
			);
			inputFileListPaths = (
			);
			inputPaths = (
				"${PODS_PODFILE_DIR_PATH}/Podfile.lock",
				"${PODS_ROOT}/Manifest.lock",
			);
			name = "[CP] Check Pods Manifest.lock";
			outputFileListPaths = (
			);
			outputPaths = (
				"$(DERIVED_FILE_DIR)/Pods-Proyecto-ProyectoUITests-checkManifestLockResult.txt",
			);
			runOnlyForDeploymentPostprocessing = 0;
			shellPath = /bin/sh;
			shellScript = "diff \"${PODS_PODFILE_DIR_PATH}/Podfile.lock\" \"${PODS_ROOT}/Manifest.lock\" > /dev/null\nif [ $? != 0 ] ; then\n    # print error to STDERR\n    echo \"error: The sandbox is not in sync with the Podfile.lock. Run 'pod install' or update your CocoaPods installation.\" >&2\n    exit 1\nfi\n# This output is used by Xcode 'outputs' to avoid re-running this script phase.\necho \"SUCCESS\" > \"${SCRIPT_OUTPUT_FILE_0}\"\n";
			showEnvVarsInLog = 0;
		};
		D4F3115F26ADD237C023FE57 /* [CP] Embed Pods Frameworks */ = {
			isa = PBXShellScriptBuildPhase;
			buildActionMask = 2147483647;
			files = (
			);
			inputFileListPaths = (
				"${PODS_ROOT}/Target Support Files/Pods-Proyecto/Pods-Proyecto-frameworks-${CONFIGURATION}-input-files.xcfilelist",
			);
			name = "[CP] Embed Pods Frameworks";
			outputFileListPaths = (
				"${PODS_ROOT}/Target Support Files/Pods-Proyecto/Pods-Proyecto-frameworks-${CONFIGURATION}-output-files.xcfilelist",
			);
			runOnlyForDeploymentPostprocessing = 0;
			shellPath = /bin/sh;
			shellScript = "\"${PODS_ROOT}/Target Support Files/Pods-Proyecto/Pods-Proyecto-frameworks.sh\"\n";
			showEnvVarsInLog = 0;
		};
		EEF49BE7483B42D39A742701 /* [CP] Embed Pods Frameworks */ = {
			isa = PBXShellScriptBuildPhase;
			buildActionMask = 2147483647;
			files = (
			);
			inputFileListPaths = (
				"${PODS_ROOT}/Target Support Files/Pods-Proyecto-ProyectoUITests/Pods-Proyecto-ProyectoUITests-frameworks-${CONFIGURATION}-input-files.xcfilelist",
			);
			name = "[CP] Embed Pods Frameworks";
			outputFileListPaths = (
				"${PODS_ROOT}/Target Support Files/Pods-Proyecto-ProyectoUITests/Pods-Proyecto-ProyectoUITests-frameworks-${CONFIGURATION}-output-files.xcfilelist",
			);
			runOnlyForDeploymentPostprocessing = 0;
			shellPath = /bin/sh;
			shellScript = "\"${PODS_ROOT}/Target Support Files/Pods-Proyecto-ProyectoUITests/Pods-Proyecto-ProyectoUITests-frameworks.sh\"\n";
			showEnvVarsInLog = 0;
		};
/* End PBXShellScriptBuildPhase section */

/* Begin PBXSourcesBuildPhase section */
		8D5F7DD02723589700E02691 /* Sources */ = {
			isa = PBXSourcesBuildPhase;
			buildActionMask = 2147483647;
			files = (
				8D5F7DDC2723589700E02691 /* LoginView.swift in Sources */,
				8DBBB80C2738630E00F9C550 /* Protocols.swift in Sources */,
				8DF4A6FC275897E0008B23DC /* PickerViewController.swift in Sources */,
				8D67CA3D273E2CBA00749424 /* AudioPlayerViewController.swift in Sources */,
				8DBBB79E27308BEA00F9C550 /* MainViewController.swift in Sources */,
				8D6554A72744C0BE001143B4 /* ValidatorViewModel.swift in Sources */,
				8DBBB80A2735B69E00F9C550 /* TableViewController.swift in Sources */,
				8D8E993F27543AF100A5939F /* APIManager.swift in Sources */,
				8DBBB80E27386DFD00F9C550 /* TrackTableViewCell.swift in Sources */,
				8DC41D64276A3662005949CE /* Extension.swift in Sources */,
				8D8E99D927559E4600A5939F /* MusicButton.swift in Sources */,
				8DC41D8F276C5F8E005949CE /* DataModel.xcdatamodeld in Sources */,
				8DC41D8A276BE8C4005949CE /* DownloadManager.swift in Sources */,
				8DBD074B2763233E00C39D64 /* LoginViewModel.swift in Sources */,
				8DC41D8C276C10B7005949CE /* RestServiceManager.swift in Sources */,
				8D5F7DD82723589700E02691 /* AppDelegate.swift in Sources */,
				8DBBB7A02731299F00F9C550 /* Model.swift in Sources */,
				8D67CA40273E3EFA00749424 /* UIImage+animatedGIF.m in Sources */,
				8D5F7DDA2723589700E02691 /* SceneDelegate.swift in Sources */,
				8D8E993C2754171300A5939F /* DataManager.swift in Sources */,
				8D21DDE92729F24A0021FBBD /* RegisterViewController.swift in Sources */,
				8DC41D66276AC128005949CE /* Enums.swift in Sources */,
			);
			runOnlyForDeploymentPostprocessing = 0;
		};
		8D5F7DE62723589900E02691 /* Sources */ = {
			isa = PBXSourcesBuildPhase;
			buildActionMask = 2147483647;
			files = (
				8D5F7DEF2723589900E02691 /* ProyectoTests.swift in Sources */,
			);
			runOnlyForDeploymentPostprocessing = 0;
		};
		8D5F7DF02723589900E02691 /* Sources */ = {
			isa = PBXSourcesBuildPhase;
			buildActionMask = 2147483647;
			files = (
				8D5F7DFB2723589900E02691 /* ProyectoUITestsLaunchTests.swift in Sources */,
				8D5F7DF92723589900E02691 /* ProyectoUITests.swift in Sources */,
			);
			runOnlyForDeploymentPostprocessing = 0;
		};
/* End PBXSourcesBuildPhase section */

/* Begin PBXTargetDependency section */
		8D5F7DEC2723589900E02691 /* PBXTargetDependency */ = {
			isa = PBXTargetDependency;
			target = 8D5F7DD32723589700E02691 /* Proyecto */;
			targetProxy = 8D5F7DEB2723589900E02691 /* PBXContainerItemProxy */;
		};
		8D5F7DF62723589900E02691 /* PBXTargetDependency */ = {
			isa = PBXTargetDependency;
			target = 8D5F7DD32723589700E02691 /* Proyecto */;
			targetProxy = 8D5F7DF52723589900E02691 /* PBXContainerItemProxy */;
		};
/* End PBXTargetDependency section */

/* Begin PBXVariantGroup section */
		8D5F7DDD2723589700E02691 /* Main.storyboard */ = {
			isa = PBXVariantGroup;
			children = (
				8D5F7DDE2723589700E02691 /* Base */,
			);
			name = Main.storyboard;
			sourceTree = "<group>";
		};
		8D5F7DE22723589800E02691 /* LaunchScreen.storyboard */ = {
			isa = PBXVariantGroup;
			children = (
				8D5F7DE32723589800E02691 /* Base */,
			);
			name = LaunchScreen.storyboard;
			sourceTree = "<group>";
		};
/* End PBXVariantGroup section */

/* Begin XCBuildConfiguration section */
		8D5F7DFC2723589900E02691 /* Debug */ = {
			isa = XCBuildConfiguration;
			buildSettings = {
				ALWAYS_SEARCH_USER_PATHS = NO;
				CLANG_ANALYZER_NONNULL = YES;
				CLANG_ANALYZER_NUMBER_OBJECT_CONVERSION = YES_AGGRESSIVE;
				CLANG_CXX_LANGUAGE_STANDARD = "gnu++17";
				CLANG_CXX_LIBRARY = "libc++";
				CLANG_ENABLE_MODULES = YES;
				CLANG_ENABLE_OBJC_ARC = YES;
				CLANG_ENABLE_OBJC_WEAK = YES;
				CLANG_WARN_BLOCK_CAPTURE_AUTORELEASING = YES;
				CLANG_WARN_BOOL_CONVERSION = YES;
				CLANG_WARN_COMMA = YES;
				CLANG_WARN_CONSTANT_CONVERSION = YES;
				CLANG_WARN_DEPRECATED_OBJC_IMPLEMENTATIONS = YES;
				CLANG_WARN_DIRECT_OBJC_ISA_USAGE = YES_ERROR;
				CLANG_WARN_DOCUMENTATION_COMMENTS = YES;
				CLANG_WARN_EMPTY_BODY = YES;
				CLANG_WARN_ENUM_CONVERSION = YES;
				CLANG_WARN_INFINITE_RECURSION = YES;
				CLANG_WARN_INT_CONVERSION = YES;
				CLANG_WARN_NON_LITERAL_NULL_CONVERSION = YES;
				CLANG_WARN_OBJC_IMPLICIT_RETAIN_SELF = YES;
				CLANG_WARN_OBJC_LITERAL_CONVERSION = YES;
				CLANG_WARN_OBJC_ROOT_CLASS = YES_ERROR;
				CLANG_WARN_QUOTED_INCLUDE_IN_FRAMEWORK_HEADER = YES;
				CLANG_WARN_RANGE_LOOP_ANALYSIS = YES;
				CLANG_WARN_STRICT_PROTOTYPES = YES;
				CLANG_WARN_SUSPICIOUS_MOVE = YES;
				CLANG_WARN_UNGUARDED_AVAILABILITY = YES_AGGRESSIVE;
				CLANG_WARN_UNREACHABLE_CODE = YES;
				CLANG_WARN__DUPLICATE_METHOD_MATCH = YES;
				COPY_PHASE_STRIP = NO;
				DEBUG_INFORMATION_FORMAT = dwarf;
				ENABLE_STRICT_OBJC_MSGSEND = YES;
				ENABLE_TESTABILITY = YES;
				GCC_C_LANGUAGE_STANDARD = gnu11;
				GCC_DYNAMIC_NO_PIC = NO;
				GCC_NO_COMMON_BLOCKS = YES;
				GCC_OPTIMIZATION_LEVEL = 0;
				GCC_PREPROCESSOR_DEFINITIONS = (
					"DEBUG=1",
					"$(inherited)",
				);
				GCC_WARN_64_TO_32_BIT_CONVERSION = YES;
				GCC_WARN_ABOUT_RETURN_TYPE = YES_ERROR;
				GCC_WARN_UNDECLARED_SELECTOR = YES;
				GCC_WARN_UNINITIALIZED_AUTOS = YES_AGGRESSIVE;
				GCC_WARN_UNUSED_FUNCTION = YES;
				GCC_WARN_UNUSED_VARIABLE = YES;
				IPHONEOS_DEPLOYMENT_TARGET = 13.0;
				MTL_ENABLE_DEBUG_INFO = INCLUDE_SOURCE;
				MTL_FAST_MATH = YES;
				ONLY_ACTIVE_ARCH = YES;
				SDKROOT = iphoneos;
				SWIFT_ACTIVE_COMPILATION_CONDITIONS = DEBUG;
				SWIFT_OPTIMIZATION_LEVEL = "-Onone";
			};
			name = Debug;
		};
		8D5F7DFD2723589900E02691 /* Release */ = {
			isa = XCBuildConfiguration;
			buildSettings = {
				ALWAYS_SEARCH_USER_PATHS = NO;
				CLANG_ANALYZER_NONNULL = YES;
				CLANG_ANALYZER_NUMBER_OBJECT_CONVERSION = YES_AGGRESSIVE;
				CLANG_CXX_LANGUAGE_STANDARD = "gnu++17";
				CLANG_CXX_LIBRARY = "libc++";
				CLANG_ENABLE_MODULES = YES;
				CLANG_ENABLE_OBJC_ARC = YES;
				CLANG_ENABLE_OBJC_WEAK = YES;
				CLANG_WARN_BLOCK_CAPTURE_AUTORELEASING = YES;
				CLANG_WARN_BOOL_CONVERSION = YES;
				CLANG_WARN_COMMA = YES;
				CLANG_WARN_CONSTANT_CONVERSION = YES;
				CLANG_WARN_DEPRECATED_OBJC_IMPLEMENTATIONS = YES;
				CLANG_WARN_DIRECT_OBJC_ISA_USAGE = YES_ERROR;
				CLANG_WARN_DOCUMENTATION_COMMENTS = YES;
				CLANG_WARN_EMPTY_BODY = YES;
				CLANG_WARN_ENUM_CONVERSION = YES;
				CLANG_WARN_INFINITE_RECURSION = YES;
				CLANG_WARN_INT_CONVERSION = YES;
				CLANG_WARN_NON_LITERAL_NULL_CONVERSION = YES;
				CLANG_WARN_OBJC_IMPLICIT_RETAIN_SELF = YES;
				CLANG_WARN_OBJC_LITERAL_CONVERSION = YES;
				CLANG_WARN_OBJC_ROOT_CLASS = YES_ERROR;
				CLANG_WARN_QUOTED_INCLUDE_IN_FRAMEWORK_HEADER = YES;
				CLANG_WARN_RANGE_LOOP_ANALYSIS = YES;
				CLANG_WARN_STRICT_PROTOTYPES = YES;
				CLANG_WARN_SUSPICIOUS_MOVE = YES;
				CLANG_WARN_UNGUARDED_AVAILABILITY = YES_AGGRESSIVE;
				CLANG_WARN_UNREACHABLE_CODE = YES;
				CLANG_WARN__DUPLICATE_METHOD_MATCH = YES;
				COPY_PHASE_STRIP = NO;
				DEBUG_INFORMATION_FORMAT = "dwarf-with-dsym";
				ENABLE_NS_ASSERTIONS = NO;
				ENABLE_STRICT_OBJC_MSGSEND = YES;
				GCC_C_LANGUAGE_STANDARD = gnu11;
				GCC_NO_COMMON_BLOCKS = YES;
				GCC_WARN_64_TO_32_BIT_CONVERSION = YES;
				GCC_WARN_ABOUT_RETURN_TYPE = YES_ERROR;
				GCC_WARN_UNDECLARED_SELECTOR = YES;
				GCC_WARN_UNINITIALIZED_AUTOS = YES_AGGRESSIVE;
				GCC_WARN_UNUSED_FUNCTION = YES;
				GCC_WARN_UNUSED_VARIABLE = YES;
				IPHONEOS_DEPLOYMENT_TARGET = 13.0;
				MTL_ENABLE_DEBUG_INFO = NO;
				MTL_FAST_MATH = YES;
				SDKROOT = iphoneos;
				SWIFT_COMPILATION_MODE = wholemodule;
				SWIFT_OPTIMIZATION_LEVEL = "-O";
				VALIDATE_PRODUCT = YES;
			};
			name = Release;
		};
		8D5F7DFF2723589900E02691 /* Debug */ = {
			isa = XCBuildConfiguration;
			baseConfigurationReference = FD4C238B6649B108D7C56A41 /* Pods-Proyecto.debug.xcconfig */;
			buildSettings = {
				ASSETCATALOG_COMPILER_APPICON_NAME = "AppIcon-1";
				ASSETCATALOG_COMPILER_GLOBAL_ACCENT_COLOR_NAME = AccentColor;
				CLANG_ENABLE_MODULES = YES;
				CODE_SIGN_STYLE = Automatic;
				CURRENT_PROJECT_VERSION = 1;
				DEVELOPMENT_TEAM = UY29U594LN;
				GENERATE_INFOPLIST_FILE = YES;
				INFOPLIST_FILE = Proyecto/Info.plist;
				INFOPLIST_KEY_UIApplicationSupportsIndirectInputEvents = YES;
				INFOPLIST_KEY_UILaunchStoryboardName = LaunchScreen;
				INFOPLIST_KEY_UIMainStoryboardFile = Main;
				INFOPLIST_KEY_UISupportedInterfaceOrientations = UIInterfaceOrientationPortrait;
				INFOPLIST_KEY_UISupportedInterfaceOrientations_iPad = UIInterfaceOrientationPortrait;
				INFOPLIST_KEY_UISupportedInterfaceOrientations_iPhone = UIInterfaceOrientationPortrait;
				IPHONEOS_DEPLOYMENT_TARGET = 14.0;
				LD_RUNPATH_SEARCH_PATHS = (
					"$(inherited)",
					"@executable_path/Frameworks",
				);
				MARKETING_VERSION = 1.0;
				PRODUCT_BUNDLE_IDENTIFIER = com.bedu.FinalProject;
				PRODUCT_NAME = "$(TARGET_NAME)";
				SWIFT_EMIT_LOC_STRINGS = YES;
				SWIFT_OBJC_BRIDGING_HEADER = "Proyecto/Proyecto-Bridging-Header.h";
				SWIFT_OPTIMIZATION_LEVEL = "-Onone";
				SWIFT_VERSION = 5.0;
				TARGETED_DEVICE_FAMILY = "1,2";
			};
			name = Debug;
		};
		8D5F7E002723589900E02691 /* Release */ = {
			isa = XCBuildConfiguration;
			baseConfigurationReference = B9C4BB6FDF8443029F64B0B5 /* Pods-Proyecto.release.xcconfig */;
			buildSettings = {
				ASSETCATALOG_COMPILER_APPICON_NAME = "AppIcon-1";
				ASSETCATALOG_COMPILER_GLOBAL_ACCENT_COLOR_NAME = AccentColor;
				CLANG_ENABLE_MODULES = YES;
				CODE_SIGN_STYLE = Automatic;
				CURRENT_PROJECT_VERSION = 1;
				DEVELOPMENT_TEAM = UY29U594LN;
				GENERATE_INFOPLIST_FILE = YES;
				INFOPLIST_FILE = Proyecto/Info.plist;
				INFOPLIST_KEY_UIApplicationSupportsIndirectInputEvents = YES;
				INFOPLIST_KEY_UILaunchStoryboardName = LaunchScreen;
				INFOPLIST_KEY_UIMainStoryboardFile = Main;
				INFOPLIST_KEY_UISupportedInterfaceOrientations = UIInterfaceOrientationPortrait;
				INFOPLIST_KEY_UISupportedInterfaceOrientations_iPad = UIInterfaceOrientationPortrait;
				INFOPLIST_KEY_UISupportedInterfaceOrientations_iPhone = UIInterfaceOrientationPortrait;
				IPHONEOS_DEPLOYMENT_TARGET = 14.0;
				LD_RUNPATH_SEARCH_PATHS = (
					"$(inherited)",
					"@executable_path/Frameworks",
				);
				MARKETING_VERSION = 1.0;
				PRODUCT_BUNDLE_IDENTIFIER = com.bedu.FinalProject;
				PRODUCT_NAME = "$(TARGET_NAME)";
				SWIFT_EMIT_LOC_STRINGS = YES;
				SWIFT_OBJC_BRIDGING_HEADER = "Proyecto/Proyecto-Bridging-Header.h";
				SWIFT_VERSION = 5.0;
				TARGETED_DEVICE_FAMILY = "1,2";
			};
			name = Release;
		};
		8D5F7E022723589900E02691 /* Debug */ = {
			isa = XCBuildConfiguration;
			baseConfigurationReference = 5C2F721E3D407499E6486BDD /* Pods-ProyectoTests.debug.xcconfig */;
			buildSettings = {
				ALWAYS_EMBED_SWIFT_STANDARD_LIBRARIES = YES;
				BUNDLE_LOADER = "$(TEST_HOST)";
				CODE_SIGN_STYLE = Automatic;
				CURRENT_PROJECT_VERSION = 1;
				DEVELOPMENT_TEAM = UY29U594LN;
				GENERATE_INFOPLIST_FILE = YES;
				IPHONEOS_DEPLOYMENT_TARGET = 15.0;
				LD_RUNPATH_SEARCH_PATHS = (
					"$(inherited)",
					"@executable_path/Frameworks",
					"@loader_path/Frameworks",
				);
				MARKETING_VERSION = 1.0;
				PRODUCT_BUNDLE_IDENTIFIER = com.myapp.bedu.ProyectoTests;
				PRODUCT_NAME = "$(TARGET_NAME)";
				SWIFT_EMIT_LOC_STRINGS = NO;
				SWIFT_VERSION = 5.0;
				TARGETED_DEVICE_FAMILY = "1,2";
				TEST_HOST = "$(BUILT_PRODUCTS_DIR)/Proyecto.app/Proyecto";
			};
			name = Debug;
		};
		8D5F7E032723589900E02691 /* Release */ = {
			isa = XCBuildConfiguration;
			baseConfigurationReference = CEEA46066656287A266E9DD2 /* Pods-ProyectoTests.release.xcconfig */;
			buildSettings = {
				ALWAYS_EMBED_SWIFT_STANDARD_LIBRARIES = YES;
				BUNDLE_LOADER = "$(TEST_HOST)";
				CODE_SIGN_STYLE = Automatic;
				CURRENT_PROJECT_VERSION = 1;
				DEVELOPMENT_TEAM = UY29U594LN;
				GENERATE_INFOPLIST_FILE = YES;
				IPHONEOS_DEPLOYMENT_TARGET = 15.0;
				LD_RUNPATH_SEARCH_PATHS = (
					"$(inherited)",
					"@executable_path/Frameworks",
					"@loader_path/Frameworks",
				);
				MARKETING_VERSION = 1.0;
				PRODUCT_BUNDLE_IDENTIFIER = com.myapp.bedu.ProyectoTests;
				PRODUCT_NAME = "$(TARGET_NAME)";
				SWIFT_EMIT_LOC_STRINGS = NO;
				SWIFT_VERSION = 5.0;
				TARGETED_DEVICE_FAMILY = "1,2";
				TEST_HOST = "$(BUILT_PRODUCTS_DIR)/Proyecto.app/Proyecto";
			};
			name = Release;
		};
		8D5F7E052723589900E02691 /* Debug */ = {
			isa = XCBuildConfiguration;
			baseConfigurationReference = EA62B8B37E3B445D0BDA1F54 /* Pods-Proyecto-ProyectoUITests.debug.xcconfig */;
			buildSettings = {
				ALWAYS_EMBED_SWIFT_STANDARD_LIBRARIES = YES;
				CODE_SIGN_STYLE = Automatic;
				CURRENT_PROJECT_VERSION = 1;
				DEVELOPMENT_TEAM = UY29U594LN;
				GENERATE_INFOPLIST_FILE = YES;
				LD_RUNPATH_SEARCH_PATHS = (
					"$(inherited)",
					"@executable_path/Frameworks",
					"@loader_path/Frameworks",
				);
				MARKETING_VERSION = 1.0;
				PRODUCT_BUNDLE_IDENTIFIER = com.myapp.bedu.ProyectoUITests;
				PRODUCT_NAME = "$(TARGET_NAME)";
				SWIFT_EMIT_LOC_STRINGS = NO;
				SWIFT_VERSION = 5.0;
				TARGETED_DEVICE_FAMILY = "1,2";
				TEST_TARGET_NAME = Proyecto;
			};
			name = Debug;
		};
		8D5F7E062723589900E02691 /* Release */ = {
			isa = XCBuildConfiguration;
			baseConfigurationReference = 331F217F316EB7C24C0F3E8A /* Pods-Proyecto-ProyectoUITests.release.xcconfig */;
			buildSettings = {
				ALWAYS_EMBED_SWIFT_STANDARD_LIBRARIES = YES;
				CODE_SIGN_STYLE = Automatic;
				CURRENT_PROJECT_VERSION = 1;
				DEVELOPMENT_TEAM = UY29U594LN;
				GENERATE_INFOPLIST_FILE = YES;
				LD_RUNPATH_SEARCH_PATHS = (
					"$(inherited)",
					"@executable_path/Frameworks",
					"@loader_path/Frameworks",
				);
				MARKETING_VERSION = 1.0;
				PRODUCT_BUNDLE_IDENTIFIER = com.myapp.bedu.ProyectoUITests;
				PRODUCT_NAME = "$(TARGET_NAME)";
				SWIFT_EMIT_LOC_STRINGS = NO;
				SWIFT_VERSION = 5.0;
				TARGETED_DEVICE_FAMILY = "1,2";
				TEST_TARGET_NAME = Proyecto;
			};
			name = Release;
		};
/* End XCBuildConfiguration section */

/* Begin XCConfigurationList section */
		8D5F7DCF2723589700E02691 /* Build configuration list for PBXProject "Proyecto" */ = {
			isa = XCConfigurationList;
			buildConfigurations = (
				8D5F7DFC2723589900E02691 /* Debug */,
				8D5F7DFD2723589900E02691 /* Release */,
			);
			defaultConfigurationIsVisible = 0;
			defaultConfigurationName = Release;
		};
		8D5F7DFE2723589900E02691 /* Build configuration list for PBXNativeTarget "Proyecto" */ = {
			isa = XCConfigurationList;
			buildConfigurations = (
				8D5F7DFF2723589900E02691 /* Debug */,
				8D5F7E002723589900E02691 /* Release */,
			);
			defaultConfigurationIsVisible = 0;
			defaultConfigurationName = Release;
		};
		8D5F7E012723589900E02691 /* Build configuration list for PBXNativeTarget "ProyectoTests" */ = {
			isa = XCConfigurationList;
			buildConfigurations = (
				8D5F7E022723589900E02691 /* Debug */,
				8D5F7E032723589900E02691 /* Release */,
			);
			defaultConfigurationIsVisible = 0;
			defaultConfigurationName = Release;
		};
		8D5F7E042723589900E02691 /* Build configuration list for PBXNativeTarget "ProyectoUITests" */ = {
			isa = XCConfigurationList;
			buildConfigurations = (
				8D5F7E052723589900E02691 /* Debug */,
				8D5F7E062723589900E02691 /* Release */,
			);
			defaultConfigurationIsVisible = 0;
			defaultConfigurationName = Release;
		};
/* End XCConfigurationList section */

/* Begin XCVersionGroup section */
		8DC41D8D276C5F8E005949CE /* DataModel.xcdatamodeld */ = {
			isa = XCVersionGroup;
			children = (
				8DC41D8E276C5F8E005949CE /* DataModel.xcdatamodel */,
			);
			currentVersion = 8DC41D8E276C5F8E005949CE /* DataModel.xcdatamodel */;
			path = DataModel.xcdatamodeld;
			sourceTree = "<group>";
			versionGroupType = wrapper.xcdatamodel;
		};
/* End XCVersionGroup section */
	};
	rootObject = 8D5F7DCC2723589700E02691 /* Project object */;
}
